# THIS IS AN AUTOGENERATED FILE. DO NOT EDIT THIS FILE DIRECTLY.
# yarn lockfile v1


"@stream-blitz/create-handler@^0.0.2":
  version "0.0.2"
  resolved "https://registry.yarnpkg.com/@stream-blitz/create-handler/-/create-handler-0.0.2.tgz#90ce3cd61e6d6b9afbecf84c129464dffdad2f28"
  integrity sha512-RW2I0Uorqtgt9AJZLeWR7CKrMafqjdpC48hKkVwyDkjOpoYdwKCOM8BffESzkCvB5uYtV4Nch5YA1E7qbl/9Fw==
