# THIS IS AN AUTOGENERATED FILE. DO NOT EDIT THIS FILE DIRECTLY.
# yarn lockfile v1


"@stream-blitz/create-handler@^0.1.0":
  version "0.1.0"
  resolved "https://registry.yarnpkg.com/@stream-blitz/create-handler/-/create-handler-0.1.0.tgz#33d08a3fea32ce128c29a53dfc38f8c0999d6896"
  integrity sha512-cTki/OJ5N8uRKGreupghGKgKpAsj3GhJ7iExyQ88yUabGS16UQHTmVf0RbcZgWDZaxGtvbcsSuYKUKvrLdUZYw==
